
Microsoft Visual Studio Solution File, Format Version 12.00
# Visual Studio 14
VisualStudioVersion = 14.0.25420.1
MinimumVisualStudioVersion = 10.0.40219.1
Project("{E24C65DC-7377-472B-9ABA-BC803B73C61A}") = "Saitti", "Saitti\", "{3E07E2B3-CB80-4885-B897-D2149243510F}"
	ProjectSection(WebsiteProperties) = preProject
		TargetFrameworkMoniker = ".NETFramework,Version%3Dv4.5"
		Debug.AspNetCompiler.VirtualPath = "/localhost_13303"
		Debug.AspNetCompiler.PhysicalPath = "Saitti\"
		Debug.AspNetCompiler.TargetPath = "PrecompiledWeb\localhost_13303\"
		Debug.AspNetCompiler.Updateable = "true"
		Debug.AspNetCompiler.ForceOverwrite = "true"
		Debug.AspNetCompiler.FixedNames = "false"
		Debug.AspNetCompiler.Debug = "True"
		Release.AspNetCompiler.VirtualPath = "/localhost_13303"
		Release.AspNetCompiler.PhysicalPath = "Saitti\"
		Release.AspNetCompiler.TargetPath = "PrecompiledWeb\localhost_13303\"
		Release.AspNetCompiler.Updateable = "true"
		Release.AspNetCompiler.ForceOverwrite = "true"
		Release.AspNetCompiler.FixedNames = "false"
		Release.AspNetCompiler.Debug = "False"
		VWDPort = "13303"
		SlnRelativePath = "Saitti\"
	EndProjectSection
EndProject
Project("{E24C65DC-7377-472B-9ABA-BC803B73C61A}") = "Tehtava_01", "Tehtava_01\", "{F1468720-D6CF-404F-9E26-18C5B443F2E1}"
	ProjectSection(WebsiteProperties) = preProject
		TargetFrameworkMoniker = ".NETFramework,Version%3Dv4.5.2"
		Debug.AspNetCompiler.VirtualPath = "/localhost_49827"
		Debug.AspNetCompiler.PhysicalPath = "Tehtava_01\"
		Debug.AspNetCompiler.TargetPath = "PrecompiledWeb\localhost_49827\"
		Debug.AspNetCompiler.Updateable = "true"
		Debug.AspNetCompiler.ForceOverwrite = "true"
		Debug.AspNetCompiler.FixedNames = "false"
		Debug.AspNetCompiler.Debug = "True"
		Release.AspNetCompiler.VirtualPath = "/localhost_49827"
		Release.AspNetCompiler.PhysicalPath = "Tehtava_01\"
		Release.AspNetCompiler.TargetPath = "PrecompiledWeb\localhost_49827\"
		Release.AspNetCompiler.Updateable = "true"
		Release.AspNetCompiler.ForceOverwrite = "true"
		Release.AspNetCompiler.FixedNames = "false"
		Release.AspNetCompiler.Debug = "False"
		VWDPort = "49827"
		SlnRelativePath = "Tehtava_01\"
	EndProjectSection
EndProject
Project("{E24C65DC-7377-472B-9ABA-BC803B73C61A}") = "Tehtava_02", "Tehtava_02\", "{25437DEA-C809-4FA5-B833-A6E92ED98324}"
	ProjectSection(WebsiteProperties) = preProject
		TargetFrameworkMoniker = ".NETFramework,Version%3Dv4.5.2"
		Debug.AspNetCompiler.VirtualPath = "/localhost_61496"
		Debug.AspNetCompiler.PhysicalPath = "Tehtava_02\"
		Debug.AspNetCompiler.TargetPath = "PrecompiledWeb\localhost_61496\"
		Debug.AspNetCompiler.Updateable = "true"
		Debug.AspNetCompiler.ForceOverwrite = "true"
		Debug.AspNetCompiler.FixedNames = "false"
		Debug.AspNetCompiler.Debug = "True"
		Release.AspNetCompiler.VirtualPath = "/localhost_61496"
		Release.AspNetCompiler.PhysicalPath = "Tehtava_02\"
		Release.AspNetCompiler.TargetPath = "PrecompiledWeb\localhost_61496\"
		Release.AspNetCompiler.Updateable = "true"
		Release.AspNetCompiler.ForceOverwrite = "true"
		Release.AspNetCompiler.FixedNames = "false"
		Release.AspNetCompiler.Debug = "False"
		VWDPort = "61496"
		SlnRelativePath = "Tehtava_02\"
	EndProjectSection
EndProject
Project("{E24C65DC-7377-472B-9ABA-BC803B73C61A}") = "Tehtava_03", "Tehtava_03\", "{A79D060C-A42A-4600-841B-53F24EC68B8E}"
	ProjectSection(WebsiteProperties) = preProject
		TargetFrameworkMoniker = ".NETFramework,Version%3Dv4.5.2"
		Debug.AspNetCompiler.VirtualPath = "/localhost_51625"
		Debug.AspNetCompiler.PhysicalPath = "Tehtava_03\"
		Debug.AspNetCompiler.TargetPath = "PrecompiledWeb\localhost_51625\"
		Debug.AspNetCompiler.Updateable = "true"
		Debug.AspNetCompiler.ForceOverwrite = "true"
		Debug.AspNetCompiler.FixedNames = "false"
		Debug.AspNetCompiler.Debug = "True"
		Release.AspNetCompiler.VirtualPath = "/localhost_51625"
		Release.AspNetCompiler.PhysicalPath = "Tehtava_03\"
		Release.AspNetCompiler.TargetPath = "PrecompiledWeb\localhost_51625\"
		Release.AspNetCompiler.Updateable = "true"
		Release.AspNetCompiler.ForceOverwrite = "true"
		Release.AspNetCompiler.FixedNames = "false"
		Release.AspNetCompiler.Debug = "False"
		VWDPort = "51625"
		SlnRelativePath = "Tehtava_03\"
	EndProjectSection
EndProject
Project("{E24C65DC-7377-472B-9ABA-BC803B73C61A}") = "Tehtava_04", "Tehtava_04\", "{57D5549E-0B6C-42B0-8880-A4145A1DACD7}"
	ProjectSection(WebsiteProperties) = preProject
		TargetFrameworkMoniker = ".NETFramework,Version%3Dv4.5.2"
		Debug.AspNetCompiler.VirtualPath = "/localhost_61825"
		Debug.AspNetCompiler.PhysicalPath = "Tehtava_04\"
		Debug.AspNetCompiler.TargetPath = "PrecompiledWeb\localhost_61825\"
		Debug.AspNetCompiler.Updateable = "true"
		Debug.AspNetCompiler.ForceOverwrite = "true"
		Debug.AspNetCompiler.FixedNames = "false"
		Debug.AspNetCompiler.Debug = "True"
		Release.AspNetCompiler.VirtualPath = "/localhost_61825"
		Release.AspNetCompiler.PhysicalPath = "Tehtava_04\"
		Release.AspNetCompiler.TargetPath = "PrecompiledWeb\localhost_61825\"
		Release.AspNetCompiler.Updateable = "true"
		Release.AspNetCompiler.ForceOverwrite = "true"
		Release.AspNetCompiler.FixedNames = "false"
		Release.AspNetCompiler.Debug = "False"
		VWDPort = "61825"
		SlnRelativePath = "Tehtava_04\"
	EndProjectSection
EndProject
Project("{E24C65DC-7377-472B-9ABA-BC803B73C61A}") = "Tehtava_05", "Tehtava_05\", "{01163F37-4350-47E1-A123-7B3D9CDBF7CF}"
	ProjectSection(WebsiteProperties) = preProject
		TargetFrameworkMoniker = ".NETFramework,Version%3Dv4.5.2"
		Debug.AspNetCompiler.VirtualPath = "/localhost_58563"
		Debug.AspNetCompiler.PhysicalPath = "Tehtava_05\"
		Debug.AspNetCompiler.TargetPath = "PrecompiledWeb\localhost_58563\"
		Debug.AspNetCompiler.Updateable = "true"
		Debug.AspNetCompiler.ForceOverwrite = "true"
		Debug.AspNetCompiler.FixedNames = "false"
		Debug.AspNetCompiler.Debug = "True"
		Release.AspNetCompiler.VirtualPath = "/localhost_58563"
		Release.AspNetCompiler.PhysicalPath = "Tehtava_05\"
		Release.AspNetCompiler.TargetPath = "PrecompiledWeb\localhost_58563\"
		Release.AspNetCompiler.Updateable = "true"
		Release.AspNetCompiler.ForceOverwrite = "true"
		Release.AspNetCompiler.FixedNames = "false"
		Release.AspNetCompiler.Debug = "False"
		VWDPort = "58563"
		SlnRelativePath = "Tehtava_05\"
	EndProjectSection
EndProject
Project("{E24C65DC-7377-472B-9ABA-BC803B73C61A}") = "Tehtava_06", "Tehtava_06\", "{BA24505F-1C96-429C-8A4D-C0CAFF919292}"
	ProjectSection(WebsiteProperties) = preProject
		TargetFrameworkMoniker = ".NETFramework,Version%3Dv4.5.2"
		Debug.AspNetCompiler.VirtualPath = "/localhost_58711"
		Debug.AspNetCompiler.PhysicalPath = "Tehtava_06\"
		Debug.AspNetCompiler.TargetPath = "PrecompiledWeb\localhost_58711\"
		Debug.AspNetCompiler.Updateable = "true"
		Debug.AspNetCompiler.ForceOverwrite = "true"
		Debug.AspNetCompiler.FixedNames = "false"
		Debug.AspNetCompiler.Debug = "True"
		Release.AspNetCompiler.VirtualPath = "/localhost_58711"
		Release.AspNetCompiler.PhysicalPath = "Tehtava_06\"
		Release.AspNetCompiler.TargetPath = "PrecompiledWeb\localhost_58711\"
		Release.AspNetCompiler.Updateable = "true"
		Release.AspNetCompiler.ForceOverwrite = "true"
		Release.AspNetCompiler.FixedNames = "false"
		Release.AspNetCompiler.Debug = "False"
		VWDPort = "58711"
		SlnRelativePath = "Tehtava_06\"
	EndProjectSection
EndProject
Project("{E24C65DC-7377-472B-9ABA-BC803B73C61A}") = "Tehtava_07", "Tehtava_07\", "{687E8BB8-4D57-405C-94D0-7A967928F908}"
	ProjectSection(WebsiteProperties) = preProject
		TargetFrameworkMoniker = ".NETFramework,Version%3Dv4.5.2"
		Debug.AspNetCompiler.VirtualPath = "/localhost_58835"
		Debug.AspNetCompiler.PhysicalPath = "Tehtava_07\"
		Debug.AspNetCompiler.TargetPath = "PrecompiledWeb\localhost_58835\"
		Debug.AspNetCompiler.Updateable = "true"
		Debug.AspNetCompiler.ForceOverwrite = "true"
		Debug.AspNetCompiler.FixedNames = "false"
		Debug.AspNetCompiler.Debug = "True"
		Release.AspNetCompiler.VirtualPath = "/localhost_58835"
		Release.AspNetCompiler.PhysicalPath = "Tehtava_07\"
		Release.AspNetCompiler.TargetPath = "PrecompiledWeb\localhost_58835\"
		Release.AspNetCompiler.Updateable = "true"
		Release.AspNetCompiler.ForceOverwrite = "true"
		Release.AspNetCompiler.FixedNames = "false"
		Release.AspNetCompiler.Debug = "False"
		VWDPort = "58835"
		SlnRelativePath = "Tehtava_07\"
	EndProjectSection
EndProject
Project("{E24C65DC-7377-472B-9ABA-BC803B73C61A}") = "Tehtava_08", "Tehtava_08\", "{26466F24-40F0-4EF2-BFF2-311B3E156DB9}"
	ProjectSection(WebsiteProperties) = preProject
		TargetFrameworkMoniker = ".NETFramework,Version%3Dv4.5.2"
		Debug.AspNetCompiler.VirtualPath = "/localhost_58966"
		Debug.AspNetCompiler.PhysicalPath = "Tehtava_08\"
		Debug.AspNetCompiler.TargetPath = "PrecompiledWeb\localhost_58966\"
		Debug.AspNetCompiler.Updateable = "true"
		Debug.AspNetCompiler.ForceOverwrite = "true"
		Debug.AspNetCompiler.FixedNames = "false"
		Debug.AspNetCompiler.Debug = "True"
		Release.AspNetCompiler.VirtualPath = "/localhost_58966"
		Release.AspNetCompiler.PhysicalPath = "Tehtava_08\"
		Release.AspNetCompiler.TargetPath = "PrecompiledWeb\localhost_58966\"
		Release.AspNetCompiler.Updateable = "true"
		Release.AspNetCompiler.ForceOverwrite = "true"
		Release.AspNetCompiler.FixedNames = "false"
		Release.AspNetCompiler.Debug = "False"
		VWDPort = "58966"
		SlnRelativePath = "Tehtava_08\"
	EndProjectSection
EndProject
Global
	GlobalSection(SolutionConfigurationPlatforms) = preSolution
		Debug|Any CPU = Debug|Any CPU
		Release|Any CPU = Release|Any CPU
	EndGlobalSection
	GlobalSection(ProjectConfigurationPlatforms) = postSolution
		{3E07E2B3-CB80-4885-B897-D2149243510F}.Debug|Any CPU.ActiveCfg = Debug|Any CPU
		{3E07E2B3-CB80-4885-B897-D2149243510F}.Debug|Any CPU.Build.0 = Debug|Any CPU
		{3E07E2B3-CB80-4885-B897-D2149243510F}.Release|Any CPU.ActiveCfg = Debug|Any CPU
		{3E07E2B3-CB80-4885-B897-D2149243510F}.Release|Any CPU.Build.0 = Debug|Any CPU
		{F1468720-D6CF-404F-9E26-18C5B443F2E1}.Debug|Any CPU.ActiveCfg = Debug|Any CPU
		{F1468720-D6CF-404F-9E26-18C5B443F2E1}.Debug|Any CPU.Build.0 = Debug|Any CPU
		{F1468720-D6CF-404F-9E26-18C5B443F2E1}.Release|Any CPU.ActiveCfg = Debug|Any CPU
		{F1468720-D6CF-404F-9E26-18C5B443F2E1}.Release|Any CPU.Build.0 = Debug|Any CPU
		{25437DEA-C809-4FA5-B833-A6E92ED98324}.Debug|Any CPU.ActiveCfg = Debug|Any CPU
		{25437DEA-C809-4FA5-B833-A6E92ED98324}.Debug|Any CPU.Build.0 = Debug|Any CPU
		{25437DEA-C809-4FA5-B833-A6E92ED98324}.Release|Any CPU.ActiveCfg = Debug|Any CPU
		{25437DEA-C809-4FA5-B833-A6E92ED98324}.Release|Any CPU.Build.0 = Debug|Any CPU
		{A79D060C-A42A-4600-841B-53F24EC68B8E}.Debug|Any CPU.ActiveCfg = Debug|Any CPU
		{A79D060C-A42A-4600-841B-53F24EC68B8E}.Debug|Any CPU.Build.0 = Debug|Any CPU
		{A79D060C-A42A-4600-841B-53F24EC68B8E}.Release|Any CPU.ActiveCfg = Debug|Any CPU
		{A79D060C-A42A-4600-841B-53F24EC68B8E}.Release|Any CPU.Build.0 = Debug|Any CPU
		{57D5549E-0B6C-42B0-8880-A4145A1DACD7}.Debug|Any CPU.ActiveCfg = Debug|Any CPU
		{57D5549E-0B6C-42B0-8880-A4145A1DACD7}.Debug|Any CPU.Build.0 = Debug|Any CPU
		{57D5549E-0B6C-42B0-8880-A4145A1DACD7}.Release|Any CPU.ActiveCfg = Debug|Any CPU
		{57D5549E-0B6C-42B0-8880-A4145A1DACD7}.Release|Any CPU.Build.0 = Debug|Any CPU
		{01163F37-4350-47E1-A123-7B3D9CDBF7CF}.Debug|Any CPU.ActiveCfg = Debug|Any CPU
		{01163F37-4350-47E1-A123-7B3D9CDBF7CF}.Debug|Any CPU.Build.0 = Debug|Any CPU
		{01163F37-4350-47E1-A123-7B3D9CDBF7CF}.Release|Any CPU.ActiveCfg = Debug|Any CPU
		{01163F37-4350-47E1-A123-7B3D9CDBF7CF}.Release|Any CPU.Build.0 = Debug|Any CPU
		{BA24505F-1C96-429C-8A4D-C0CAFF919292}.Debug|Any CPU.ActiveCfg = Debug|Any CPU
		{BA24505F-1C96-429C-8A4D-C0CAFF919292}.Debug|Any CPU.Build.0 = Debug|Any CPU
		{BA24505F-1C96-429C-8A4D-C0CAFF919292}.Release|Any CPU.ActiveCfg = Debug|Any CPU
		{BA24505F-1C96-429C-8A4D-C0CAFF919292}.Release|Any CPU.Build.0 = Debug|Any CPU
		{687E8BB8-4D57-405C-94D0-7A967928F908}.Debug|Any CPU.ActiveCfg = Debug|Any CPU
		{687E8BB8-4D57-405C-94D0-7A967928F908}.Debug|Any CPU.Build.0 = Debug|Any CPU
		{687E8BB8-4D57-405C-94D0-7A967928F908}.Release|Any CPU.ActiveCfg = Debug|Any CPU
		{687E8BB8-4D57-405C-94D0-7A967928F908}.Release|Any CPU.Build.0 = Debug|Any CPU
		{26466F24-40F0-4EF2-BFF2-311B3E156DB9}.Debug|Any CPU.ActiveCfg = Debug|Any CPU
		{26466F24-40F0-4EF2-BFF2-311B3E156DB9}.Debug|Any CPU.Build.0 = Debug|Any CPU
		{26466F24-40F0-4EF2-BFF2-311B3E156DB9}.Release|Any CPU.ActiveCfg = Debug|Any CPU
		{26466F24-40F0-4EF2-BFF2-311B3E156DB9}.Release|Any CPU.Build.0 = Debug|Any CPU
	EndGlobalSection
	GlobalSection(SolutionProperties) = preSolution
		HideSolutionNode = FALSE
	EndGlobalSection
EndGlobal
